
Microsoft Visual Studio Solution File, Format Version 12.00
# Visual Studio Version 16
VisualStudioVersion = 16.0.30611.23
MinimumVisualStudioVersion = 10.0.40219.1
Project("{9A19103F-16F7-4668-BE54-9A1E7A4F7556}") = "Com.Mobiquity.API", "Com.Mobiquity.API\Com.Mobiquity.API.csproj", "{2B60C477-1F77-486F-8271-CE18E2C3B267}"
EndProject
Project("{9A19103F-16F7-4668-BE54-9A1E7A4F7556}") = "Com.Mobiquity.Packer", "Com.Mobiquity.Packer\Com.Mobiquity.Packer.csproj", "{59ABA185-FE8E-48A0-BEA3-D7C5218FE0FD}"
EndProject
Project("{FAE04EC0-301F-11D3-BF4B-00C04F79EFBC}") = "Com.Mobiquity.NUnitTests", "Com.Mobiquity.NUnitTests\Com.Mobiquity.NUnitTests.csproj", "{BB169C83-68EF-4192-8A43-F2094F85EF9A}"
EndProject
Global
	GlobalSection(SolutionConfigurationPlatforms) = preSolution
		Debug|Any CPU = Debug|Any CPU
		Release|Any CPU = Release|Any CPU
	EndGlobalSection
	GlobalSection(ProjectConfigurationPlatforms) = postSolution
		{2B60C477-1F77-486F-8271-CE18E2C3B267}.Debug|Any CPU.ActiveCfg = Debug|Any CPU
		{2B60C477-1F77-486F-8271-CE18E2C3B267}.Debug|Any CPU.Build.0 = Debug|Any CPU
		{2B60C477-1F77-486F-8271-CE18E2C3B267}.Release|Any CPU.ActiveCfg = Release|Any CPU
		{2B60C477-1F77-486F-8271-CE18E2C3B267}.Release|Any CPU.Build.0 = Release|Any CPU
		{59ABA185-FE8E-48A0-BEA3-D7C5218FE0FD}.Debug|Any CPU.ActiveCfg = Debug|Any CPU
		{59ABA185-FE8E-48A0-BEA3-D7C5218FE0FD}.Debug|Any CPU.Build.0 = Debug|Any CPU
		{59ABA185-FE8E-48A0-BEA3-D7C5218FE0FD}.Release|Any CPU.ActiveCfg = Release|Any CPU
		{59ABA185-FE8E-48A0-BEA3-D7C5218FE0FD}.Release|Any CPU.Build.0 = Release|Any CPU
		{BB169C83-68EF-4192-8A43-F2094F85EF9A}.Debug|Any CPU.ActiveCfg = Debug|Any CPU
		{BB169C83-68EF-4192-8A43-F2094F85EF9A}.Debug|Any CPU.Build.0 = Debug|Any CPU
		{BB169C83-68EF-4192-8A43-F2094F85EF9A}.Release|Any CPU.ActiveCfg = Release|Any CPU
		{BB169C83-68EF-4192-8A43-F2094F85EF9A}.Release|Any CPU.Build.0 = Release|Any CPU
	EndGlobalSection
	GlobalSection(SolutionProperties) = preSolution
		HideSolutionNode = FALSE
	EndGlobalSection
	GlobalSection(ExtensibilityGlobals) = postSolution
		SolutionGuid = {5F4B09BA-83AB-464E-BCBB-43A16B8F176C}
	EndGlobalSection
EndGlobal
